
Microsoft Visual Studio Solution File, Format Version 12.00
# Visual Studio Version 17
VisualStudioVersion = 17.12.35527.113 d17.12
MinimumVisualStudioVersion = 10.0.40219.1
Project("{FAE04EC0-301F-11D3-BF4B-00C04F79EFBC}") = "SimpleMetrics.Web", "SimpleMetrics.Web\SimpleMetrics.Web.csproj", "{0AE13CF2-BFAE-433C-96BA-9F870CC0A583}"
EndProject
Project("{FAE04EC0-301F-11D3-BF4B-00C04F79EFBC}") = "SimpleMetrics.Common", "SimpleMetrics.Common\SimpleMetrics.Common.csproj", "{970EF457-E349-4045-9168-D599948923FB}"
EndProject
Project("{FAE04EC0-301F-11D3-BF4B-00C04F79EFBC}") = "SimpleMetrics.ClickHouse", "SimpleMetrics.ClickHouse\SimpleMetrics.ClickHouse.csproj", "{AC4C807C-AADE-4D70-BAEE-EA0F6EF3A89D}"
EndProject
Global
	GlobalSection(SolutionConfigurationPlatforms) = preSolution
		Debug|Any CPU = Debug|Any CPU
		Release|Any CPU = Release|Any CPU
	EndGlobalSection
	GlobalSection(ProjectConfigurationPlatforms) = postSolution
		{0AE13CF2-BFAE-433C-96BA-9F870CC0A583}.Debug|Any CPU.ActiveCfg = Debug|Any CPU
		{0AE13CF2-BFAE-433C-96BA-9F870CC0A583}.Debug|Any CPU.Build.0 = Debug|Any CPU
		{0AE13CF2-BFAE-433C-96BA-9F870CC0A583}.Release|Any CPU.ActiveCfg = Release|Any CPU
		{0AE13CF2-BFAE-433C-96BA-9F870CC0A583}.Release|Any CPU.Build.0 = Release|Any CPU
		{970EF457-E349-4045-9168-D599948923FB}.Debug|Any CPU.ActiveCfg = Debug|Any CPU
		{970EF457-E349-4045-9168-D599948923FB}.Debug|Any CPU.Build.0 = Debug|Any CPU
		{970EF457-E349-4045-9168-D599948923FB}.Release|Any CPU.ActiveCfg = Release|Any CPU
		{970EF457-E349-4045-9168-D599948923FB}.Release|Any CPU.Build.0 = Release|Any CPU
		{AC4C807C-AADE-4D70-BAEE-EA0F6EF3A89D}.Debug|Any CPU.ActiveCfg = Debug|Any CPU
		{AC4C807C-AADE-4D70-BAEE-EA0F6EF3A89D}.Debug|Any CPU.Build.0 = Debug|Any CPU
		{AC4C807C-AADE-4D70-BAEE-EA0F6EF3A89D}.Release|Any CPU.ActiveCfg = Release|Any CPU
		{AC4C807C-AADE-4D70-BAEE-EA0F6EF3A89D}.Release|Any CPU.Build.0 = Release|Any CPU
	EndGlobalSection
	GlobalSection(SolutionProperties) = preSolution
		HideSolutionNode = FALSE
	EndGlobalSection
EndGlobal
